// !$*UTF8*$!
{
	archiveVersion = 1;
	classes = {
	};
	objectVersion = 46;
	objects = {

/* Begin PBXBuildFile section */
		1AB208811B597D19007504F9 /* CotizaViewController.swift in Sources */ = {isa = PBXBuildFile; fileRef = 1AB208801B597D19007504F9 /* CotizaViewController.swift */; };
		FD0223301B4CFC1200CAFB33 /* AppDelegate.swift in Sources */ = {isa = PBXBuildFile; fileRef = FD02232F1B4CFC1200CAFB33 /* AppDelegate.swift */; };
		FD0223331B4CFC1200CAFB33 /* Automaya.xcdatamodeld in Sources */ = {isa = PBXBuildFile; fileRef = FD0223311B4CFC1200CAFB33 /* Automaya.xcdatamodeld */; };
		FD0223351B4CFC1200CAFB33 /* ViewController.swift in Sources */ = {isa = PBXBuildFile; fileRef = FD0223341B4CFC1200CAFB33 /* ViewController.swift */; };
		FD0223381B4CFC1200CAFB33 /* Main.storyboard in Resources */ = {isa = PBXBuildFile; fileRef = FD0223361B4CFC1200CAFB33 /* Main.storyboard */; };
		FD02233A1B4CFC1200CAFB33 /* Images.xcassets in Resources */ = {isa = PBXBuildFile; fileRef = FD0223391B4CFC1200CAFB33 /* Images.xcassets */; };
		FD02233D1B4CFC1200CAFB33 /* LaunchScreen.xib in Resources */ = {isa = PBXBuildFile; fileRef = FD02233B1B4CFC1200CAFB33 /* LaunchScreen.xib */; };
		FD0223491B4CFC1200CAFB33 /* AutomayaTests.swift in Sources */ = {isa = PBXBuildFile; fileRef = FD0223481B4CFC1200CAFB33 /* AutomayaTests.swift */; };
		FD0223561B4CFC5E00CAFB33 /* SWRevealViewController.m in Sources */ = {isa = PBXBuildFile; fileRef = FD0223551B4CFC5E00CAFB33 /* SWRevealViewController.m */; };
		FD02235A1B4D10F800CAFB33 /* MenuController.swift in Sources */ = {isa = PBXBuildFile; fileRef = FD0223591B4D10F800CAFB33 /* MenuController.swift */; };
		FD02235C1B4D124700CAFB33 /* ComentTableViewController.swift in Sources */ = {isa = PBXBuildFile; fileRef = FD02235B1B4D124700CAFB33 /* ComentTableViewController.swift */; };
		FD0DD7A61B563ABA005F7B23 /* MapTasks.swift in Sources */ = {isa = PBXBuildFile; fileRef = FD0DD7A51B563ABA005F7B23 /* MapTasks.swift */; };
		FD0DD7A81B56474A005F7B23 /* CoreBluetooth.framework in Frameworks */ = {isa = PBXBuildFile; fileRef = FD0DD7A71B56474A005F7B23 /* CoreBluetooth.framework */; };
		FD0DD7AA1B564766005F7B23 /* Accelerate.framework in Frameworks */ = {isa = PBXBuildFile; fileRef = FD0DD7A91B564766005F7B23 /* Accelerate.framework */; };
		FD58DBE81B4F7CF800709910 /* FeedTableViewController.swift in Sources */ = {isa = PBXBuildFile; fileRef = FD58DBE71B4F7CF800709910 /* FeedTableViewController.swift */; };
		FD58DBEA1B4F8D1300709910 /* FeedPageViewController.swift in Sources */ = {isa = PBXBuildFile; fileRef = FD58DBE91B4F8D1300709910 /* FeedPageViewController.swift */; };
		FD58DBEC1B4F939D00709910 /* FeedWebPageViewController.swift in Sources */ = {isa = PBXBuildFile; fileRef = FD58DBEB1B4F939D00709910 /* FeedWebPageViewController.swift */; };
		FD58DBEE1B50DD9E00709910 /* XmlParserManager.swift in Sources */ = {isa = PBXBuildFile; fileRef = FD58DBED1B50DD9E00709910 /* XmlParserManager.swift */; };
		FDF65E3A1B54B1A300303200 /* AgenciasViewController.swift in Sources */ = {isa = PBXBuildFile; fileRef = FDF65E391B54B1A300303200 /* AgenciasViewController.swift */; };
		FDF65E3D1B5614CF00303200 /* GoogleMaps.bundle in Resources */ = {isa = PBXBuildFile; fileRef = FDF65E3C1B5614CF00303200 /* GoogleMaps.bundle */; };
		FDF65E3F1B5617F800303200 /* GoogleMapsM4B.framework in Frameworks */ = {isa = PBXBuildFile; fileRef = FDF65E3E1B5617F800303200 /* GoogleMapsM4B.framework */; };
		FDF65E411B5623F900303200 /* AVFoundation.framework in Frameworks */ = {isa = PBXBuildFile; fileRef = FDF65E401B5623F800303200 /* AVFoundation.framework */; };
		FDF65E431B56240C00303200 /* CoreData.framework in Frameworks */ = {isa = PBXBuildFile; fileRef = FDF65E421B56240C00303200 /* CoreData.framework */; };
		FDF65E451B56242900303200 /* CoreLocation.framework in Frameworks */ = {isa = PBXBuildFile; fileRef = FDF65E441B56242900303200 /* CoreLocation.framework */; };
		FDF65E471B56244D00303200 /* CoreText.framework in Frameworks */ = {isa = PBXBuildFile; fileRef = FDF65E461B56244D00303200 /* CoreText.framework */; };
		FDF65E491B56246C00303200 /* GLKit.framework in Frameworks */ = {isa = PBXBuildFile; fileRef = FDF65E481B56246C00303200 /* GLKit.framework */; };
		FDF65E4B1B56248A00303200 /* ImageIO.framework in Frameworks */ = {isa = PBXBuildFile; fileRef = FDF65E4A1B56248A00303200 /* ImageIO.framework */; };
		FDF65E4D1B5624C900303200 /* libc++.dylib in Frameworks */ = {isa = PBXBuildFile; fileRef = FDF65E4C1B5624C900303200 /* libc++.dylib */; };
		FDF65E4F1B5624FF00303200 /* libicucore.dylib in Frameworks */ = {isa = PBXBuildFile; fileRef = FDF65E4E1B5624FF00303200 /* libicucore.dylib */; };
		FDF65E511B56252100303200 /* libz.dylib in Frameworks */ = {isa = PBXBuildFile; fileRef = FDF65E501B56252100303200 /* libz.dylib */; };
		FDF65E531B56254300303200 /* OpenGLES.framework in Frameworks */ = {isa = PBXBuildFile; fileRef = FDF65E521B56254300303200 /* OpenGLES.framework */; };
		FDF65E551B56256900303200 /* QuartzCore.framework in Frameworks */ = {isa = PBXBuildFile; fileRef = FDF65E541B56256900303200 /* QuartzCore.framework */; };
		FDF65E571B56258600303200 /* SystemConfiguration.framework in Frameworks */ = {isa = PBXBuildFile; fileRef = FDF65E561B56258600303200 /* SystemConfiguration.framework */; };
/* End PBXBuildFile section */

/* Begin PBXContainerItemProxy section */
		FD0223431B4CFC1200CAFB33 /* PBXContainerItemProxy */ = {
			isa = PBXContainerItemProxy;
			containerPortal = FD0223221B4CFC1200CAFB33 /* Project object */;
			proxyType = 1;
			remoteGlobalIDString = FD0223291B4CFC1200CAFB33;
			remoteInfo = Automaya;
		};
/* End PBXContainerItemProxy section */

/* Begin PBXFileReference section */
		1AB208801B597D19007504F9 /* CotizaViewController.swift */ = {isa = PBXFileReference; fileEncoding = 4; lastKnownFileType = sourcecode.swift; path = CotizaViewController.swift; sourceTree = "<group>"; };
		FD02232A1B4CFC1200CAFB33 /* Automaya.app */ = {isa = PBXFileReference; explicitFileType = wrapper.application; includeInIndex = 0; path = Automaya.app; sourceTree = BUILT_PRODUCTS_DIR; };
		FD02232E1B4CFC1200CAFB33 /* Info.plist */ = {isa = PBXFileReference; lastKnownFileType = text.plist.xml; path = Info.plist; sourceTree = "<group>"; };
		FD02232F1B4CFC1200CAFB33 /* AppDelegate.swift */ = {isa = PBXFileReference; lastKnownFileType = sourcecode.swift; path = AppDelegate.swift; sourceTree = "<group>"; };
		FD0223321B4CFC1200CAFB33 /* Automaya.xcdatamodel */ = {isa = PBXFileReference; lastKnownFileType = wrapper.xcdatamodel; path = Automaya.xcdatamodel; sourceTree = "<group>"; };
		FD0223341B4CFC1200CAFB33 /* ViewController.swift */ = {isa = PBXFileReference; lastKnownFileType = sourcecode.swift; path = ViewController.swift; sourceTree = "<group>"; };
		FD0223371B4CFC1200CAFB33 /* Base */ = {isa = PBXFileReference; lastKnownFileType = file.storyboard; name = Base; path = Base.lproj/Main.storyboard; sourceTree = "<group>"; };
		FD0223391B4CFC1200CAFB33 /* Images.xcassets */ = {isa = PBXFileReference; lastKnownFileType = folder.assetcatalog; path = Images.xcassets; sourceTree = "<group>"; };
		FD02233C1B4CFC1200CAFB33 /* Base */ = {isa = PBXFileReference; lastKnownFileType = file.xib; name = Base; path = Base.lproj/LaunchScreen.xib; sourceTree = "<group>"; };
		FD0223421B4CFC1200CAFB33 /* AutomayaTests.xctest */ = {isa = PBXFileReference; explicitFileType = wrapper.cfbundle; includeInIndex = 0; path = AutomayaTests.xctest; sourceTree = BUILT_PRODUCTS_DIR; };
		FD0223471B4CFC1200CAFB33 /* Info.plist */ = {isa = PBXFileReference; lastKnownFileType = text.plist.xml; path = Info.plist; sourceTree = "<group>"; };
		FD0223481B4CFC1200CAFB33 /* AutomayaTests.swift */ = {isa = PBXFileReference; lastKnownFileType = sourcecode.swift; path = AutomayaTests.swift; sourceTree = "<group>"; };
		FD0223531B4CFC5D00CAFB33 /* Automaya-Bridging-Header.h */ = {isa = PBXFileReference; lastKnownFileType = sourcecode.c.h; path = "Automaya-Bridging-Header.h"; sourceTree = "<group>"; };
		FD0223541B4CFC5E00CAFB33 /* SWRevealViewController.h */ = {isa = PBXFileReference; fileEncoding = 4; lastKnownFileType = sourcecode.c.h; path = SWRevealViewController.h; sourceTree = "<group>"; };
		FD0223551B4CFC5E00CAFB33 /* SWRevealViewController.m */ = {isa = PBXFileReference; fileEncoding = 4; lastKnownFileType = sourcecode.c.objc; path = SWRevealViewController.m; sourceTree = "<group>"; };
		FD0223591B4D10F800CAFB33 /* MenuController.swift */ = {isa = PBXFileReference; fileEncoding = 4; lastKnownFileType = sourcecode.swift; path = MenuController.swift; sourceTree = "<group>"; };
		FD02235B1B4D124700CAFB33 /* ComentTableViewController.swift */ = {isa = PBXFileReference; fileEncoding = 4; lastKnownFileType = sourcecode.swift; path = ComentTableViewController.swift; sourceTree = "<group>"; };
		FD0DD7A51B563ABA005F7B23 /* MapTasks.swift */ = {isa = PBXFileReference; fileEncoding = 4; lastKnownFileType = sourcecode.swift; path = MapTasks.swift; sourceTree = "<group>"; };
		FD0DD7A71B56474A005F7B23 /* CoreBluetooth.framework */ = {isa = PBXFileReference; lastKnownFileType = wrapper.framework; name = CoreBluetooth.framework; path = System/Library/Frameworks/CoreBluetooth.framework; sourceTree = SDKROOT; };
		FD0DD7A91B564766005F7B23 /* Accelerate.framework */ = {isa = PBXFileReference; lastKnownFileType = wrapper.framework; name = Accelerate.framework; path = System/Library/Frameworks/Accelerate.framework; sourceTree = SDKROOT; };
		FD58DBE71B4F7CF800709910 /* FeedTableViewController.swift */ = {isa = PBXFileReference; fileEncoding = 4; lastKnownFileType = sourcecode.swift; path = FeedTableViewController.swift; sourceTree = "<group>"; };
		FD58DBE91B4F8D1300709910 /* FeedPageViewController.swift */ = {isa = PBXFileReference; fileEncoding = 4; lastKnownFileType = sourcecode.swift; path = FeedPageViewController.swift; sourceTree = "<group>"; };
		FD58DBEB1B4F939D00709910 /* FeedWebPageViewController.swift */ = {isa = PBXFileReference; fileEncoding = 4; lastKnownFileType = sourcecode.swift; path = FeedWebPageViewController.swift; sourceTree = "<group>"; };
		FD58DBED1B50DD9E00709910 /* XmlParserManager.swift */ = {isa = PBXFileReference; fileEncoding = 4; lastKnownFileType = sourcecode.swift; path = XmlParserManager.swift; sourceTree = "<group>"; };
		FDF65E391B54B1A300303200 /* AgenciasViewController.swift */ = {isa = PBXFileReference; fileEncoding = 4; lastKnownFileType = sourcecode.swift; path = AgenciasViewController.swift; sourceTree = "<group>"; };
		FDF65E3C1B5614CF00303200 /* GoogleMaps.bundle */ = {isa = PBXFileReference; lastKnownFileType = "wrapper.plug-in"; path = GoogleMaps.bundle; sourceTree = "<group>"; };
		FDF65E3E1B5617F800303200 /* GoogleMapsM4B.framework */ = {isa = PBXFileReference; lastKnownFileType = wrapper.framework; path = GoogleMapsM4B.framework; sourceTree = "<group>"; };
		FDF65E401B5623F800303200 /* AVFoundation.framework */ = {isa = PBXFileReference; lastKnownFileType = wrapper.framework; name = AVFoundation.framework; path = System/Library/Frameworks/AVFoundation.framework; sourceTree = SDKROOT; };
		FDF65E421B56240C00303200 /* CoreData.framework */ = {isa = PBXFileReference; lastKnownFileType = wrapper.framework; name = CoreData.framework; path = System/Library/Frameworks/CoreData.framework; sourceTree = SDKROOT; };
		FDF65E441B56242900303200 /* CoreLocation.framework */ = {isa = PBXFileReference; lastKnownFileType = wrapper.framework; name = CoreLocation.framework; path = System/Library/Frameworks/CoreLocation.framework; sourceTree = SDKROOT; };
		FDF65E461B56244D00303200 /* CoreText.framework */ = {isa = PBXFileReference; lastKnownFileType = wrapper.framework; name = CoreText.framework; path = System/Library/Frameworks/CoreText.framework; sourceTree = SDKROOT; };
		FDF65E481B56246C00303200 /* GLKit.framework */ = {isa = PBXFileReference; lastKnownFileType = wrapper.framework; name = GLKit.framework; path = System/Library/Frameworks/GLKit.framework; sourceTree = SDKROOT; };
		FDF65E4A1B56248A00303200 /* ImageIO.framework */ = {isa = PBXFileReference; lastKnownFileType = wrapper.framework; name = ImageIO.framework; path = System/Library/Frameworks/ImageIO.framework; sourceTree = SDKROOT; };
		FDF65E4C1B5624C900303200 /* libc++.dylib */ = {isa = PBXFileReference; lastKnownFileType = "compiled.mach-o.dylib"; name = "libc++.dylib"; path = "usr/lib/libc++.dylib"; sourceTree = SDKROOT; };
		FDF65E4E1B5624FF00303200 /* libicucore.dylib */ = {isa = PBXFileReference; lastKnownFileType = "compiled.mach-o.dylib"; name = libicucore.dylib; path = usr/lib/libicucore.dylib; sourceTree = SDKROOT; };
		FDF65E501B56252100303200 /* libz.dylib */ = {isa = PBXFileReference; lastKnownFileType = "compiled.mach-o.dylib"; name = libz.dylib; path = usr/lib/libz.dylib; sourceTree = SDKROOT; };
		FDF65E521B56254300303200 /* OpenGLES.framework */ = {isa = PBXFileReference; lastKnownFileType = wrapper.framework; name = OpenGLES.framework; path = System/Library/Frameworks/OpenGLES.framework; sourceTree = SDKROOT; };
		FDF65E541B56256900303200 /* QuartzCore.framework */ = {isa = PBXFileReference; lastKnownFileType = wrapper.framework; name = QuartzCore.framework; path = System/Library/Frameworks/QuartzCore.framework; sourceTree = SDKROOT; };
		FDF65E561B56258600303200 /* SystemConfiguration.framework */ = {isa = PBXFileReference; lastKnownFileType = wrapper.framework; name = SystemConfiguration.framework; path = System/Library/Frameworks/SystemConfiguration.framework; sourceTree = SDKROOT; };
/* End PBXFileReference section */

/* Begin PBXFrameworksBuildPhase section */
		FD0223271B4CFC1200CAFB33 /* Frameworks */ = {
			isa = PBXFrameworksBuildPhase;
			buildActionMask = 2147483647;
			files = (
				FD0DD7AA1B564766005F7B23 /* Accelerate.framework in Frameworks */,
				FD0DD7A81B56474A005F7B23 /* CoreBluetooth.framework in Frameworks */,
				FDF65E571B56258600303200 /* SystemConfiguration.framework in Frameworks */,
				FDF65E551B56256900303200 /* QuartzCore.framework in Frameworks */,
				FDF65E531B56254300303200 /* OpenGLES.framework in Frameworks */,
				FDF65E511B56252100303200 /* libz.dylib in Frameworks */,
				FDF65E4F1B5624FF00303200 /* libicucore.dylib in Frameworks */,
				FDF65E4D1B5624C900303200 /* libc++.dylib in Frameworks */,
				FDF65E4B1B56248A00303200 /* ImageIO.framework in Frameworks */,
				FDF65E491B56246C00303200 /* GLKit.framework in Frameworks */,
				FDF65E471B56244D00303200 /* CoreText.framework in Frameworks */,
				FDF65E451B56242900303200 /* CoreLocation.framework in Frameworks */,
				FDF65E431B56240C00303200 /* CoreData.framework in Frameworks */,
				FDF65E411B5623F900303200 /* AVFoundation.framework in Frameworks */,
				FDF65E3F1B5617F800303200 /* GoogleMapsM4B.framework in Frameworks */,
			);
			runOnlyForDeploymentPostprocessing = 0;
		};
		FD02233F1B4CFC1200CAFB33 /* Frameworks */ = {
			isa = PBXFrameworksBuildPhase;
			buildActionMask = 2147483647;
			files = (
			);
			runOnlyForDeploymentPostprocessing = 0;
		};
/* End PBXFrameworksBuildPhase section */

/* Begin PBXGroup section */
		1AB2087F1B597A8B007504F9 /* operacion */ = {
			isa = PBXGroup;
			children = (
				1AB208801B597D19007504F9 /* CotizaViewController.swift */,
			);
			name = operacion;
			sourceTree = "<group>";
		};
		FD0223211B4CFC1200CAFB33 = {
			isa = PBXGroup;
			children = (
				FD0DD7A91B564766005F7B23 /* Accelerate.framework */,
				FD0DD7A71B56474A005F7B23 /* CoreBluetooth.framework */,
				FDF65E561B56258600303200 /* SystemConfiguration.framework */,
				FDF65E541B56256900303200 /* QuartzCore.framework */,
				FDF65E521B56254300303200 /* OpenGLES.framework */,
				FDF65E501B56252100303200 /* libz.dylib */,
				FDF65E4E1B5624FF00303200 /* libicucore.dylib */,
				FDF65E4C1B5624C900303200 /* libc++.dylib */,
				FDF65E4A1B56248A00303200 /* ImageIO.framework */,
				FDF65E481B56246C00303200 /* GLKit.framework */,
				FDF65E461B56244D00303200 /* CoreText.framework */,
				FDF65E441B56242900303200 /* CoreLocation.framework */,
				FDF65E421B56240C00303200 /* CoreData.framework */,
				FDF65E401B5623F800303200 /* AVFoundation.framework */,
				FD02232C1B4CFC1200CAFB33 /* Automaya */,
				FD0223451B4CFC1200CAFB33 /* AutomayaTests */,
				FD02232B1B4CFC1200CAFB33 /* Products */,
			);
			sourceTree = "<group>";
		};
		FD02232B1B4CFC1200CAFB33 /* Products */ = {
			isa = PBXGroup;
			children = (
				FD02232A1B4CFC1200CAFB33 /* Automaya.app */,
				FD0223421B4CFC1200CAFB33 /* AutomayaTests.xctest */,
			);
			name = Products;
			sourceTree = "<group>";
		};
		FD02232C1B4CFC1200CAFB33 /* Automaya */ = {
			isa = PBXGroup;
			children = (
				FD0223521B4CFC1F00CAFB33 /* SWRevealViewController */,
				FD02232F1B4CFC1200CAFB33 /* AppDelegate.swift */,
				FD0223341B4CFC1200CAFB33 /* ViewController.swift */,
				FD0223361B4CFC1200CAFB33 /* Main.storyboard */,
				FD0223391B4CFC1200CAFB33 /* Images.xcassets */,
				FD02233B1B4CFC1200CAFB33 /* LaunchScreen.xib */,
				FD0223311B4CFC1200CAFB33 /* Automaya.xcdatamodeld */,
				FD02232D1B4CFC1200CAFB33 /* Supporting Files */,
				FD0223591B4D10F800CAFB33 /* MenuController.swift */,
				FD02235B1B4D124700CAFB33 /* ComentTableViewController.swift */,
			);
			path = Automaya;
			sourceTree = "<group>";
		};
		FD02232D1B4CFC1200CAFB33 /* Supporting Files */ = {
			isa = PBXGroup;
			children = (
				FD02232E1B4CFC1200CAFB33 /* Info.plist */,
			);
			name = "Supporting Files";
			sourceTree = "<group>";
		};
		FD0223451B4CFC1200CAFB33 /* AutomayaTests */ = {
			isa = PBXGroup;
			children = (
				FD0223481B4CFC1200CAFB33 /* AutomayaTests.swift */,
				FD0223461B4CFC1200CAFB33 /* Supporting Files */,
			);
			path = AutomayaTests;
			sourceTree = "<group>";
		};
		FD0223461B4CFC1200CAFB33 /* Supporting Files */ = {
			isa = PBXGroup;
			children = (
				FD0223471B4CFC1200CAFB33 /* Info.plist */,
			);
			name = "Supporting Files";
			sourceTree = "<group>";
		};
		FD0223521B4CFC1F00CAFB33 /* SWRevealViewController */ = {
			isa = PBXGroup;
			children = (
				1AB2087F1B597A8B007504F9 /* operacion */,
				FDF65E3B1B54C70200303200 /* Google Maps SDK */,
				FDF65E381B54B18300303200 /* agencias */,
				FD58DBE61B4F7C9A00709910 /* feed_comentarios */,
				FD0223541B4CFC5E00CAFB33 /* SWRevealViewController.h */,
				FD0223551B4CFC5E00CAFB33 /* SWRevealViewController.m */,
				FD0223531B4CFC5D00CAFB33 /* Automaya-Bridging-Header.h */,
			);
			name = SWRevealViewController;
			sourceTree = "<group>";
		};
		FD58DBE61B4F7C9A00709910 /* feed_comentarios */ = {
			isa = PBXGroup;
			children = (
				FD58DBE71B4F7CF800709910 /* FeedTableViewController.swift */,
				FD58DBE91B4F8D1300709910 /* FeedPageViewController.swift */,
				FD58DBEB1B4F939D00709910 /* FeedWebPageViewController.swift */,
				FD58DBED1B50DD9E00709910 /* XmlParserManager.swift */,
			);
			name = feed_comentarios;
			sourceTree = "<group>";
		};
		FDF65E381B54B18300303200 /* agencias */ = {
			isa = PBXGroup;
			children = (
				FDF65E391B54B1A300303200 /* AgenciasViewController.swift */,
				FD0DD7A51B563ABA005F7B23 /* MapTasks.swift */,
			);
			name = agencias;
			sourceTree = "<group>";
		};
		FDF65E3B1B54C70200303200 /* Google Maps SDK */ = {
			isa = PBXGroup;
			children = (
				FDF65E3E1B5617F800303200 /* GoogleMapsM4B.framework */,
				FDF65E3C1B5614CF00303200 /* GoogleMaps.bundle */,
			);
			name = "Google Maps SDK";
			sourceTree = "<group>";
		};
/* End PBXGroup section */

/* Begin PBXNativeTarget section */
		FD0223291B4CFC1200CAFB33 /* Automaya */ = {
			isa = PBXNativeTarget;
			buildConfigurationList = FD02234C1B4CFC1200CAFB33 /* Build configuration list for PBXNativeTarget "Automaya" */;
			buildPhases = (
				FD0223261B4CFC1200CAFB33 /* Sources */,
				FD0223271B4CFC1200CAFB33 /* Frameworks */,
				FD0223281B4CFC1200CAFB33 /* Resources */,
			);
			buildRules = (
			);
			dependencies = (
			);
			name = Automaya;
			productName = Automaya;
			productReference = FD02232A1B4CFC1200CAFB33 /* Automaya.app */;
			productType = "com.apple.product-type.application";
		};
		FD0223411B4CFC1200CAFB33 /* AutomayaTests */ = {
			isa = PBXNativeTarget;
			buildConfigurationList = FD02234F1B4CFC1200CAFB33 /* Build configuration list for PBXNativeTarget "AutomayaTests" */;
			buildPhases = (
				FD02233E1B4CFC1200CAFB33 /* Sources */,
				FD02233F1B4CFC1200CAFB33 /* Frameworks */,
				FD0223401B4CFC1200CAFB33 /* Resources */,
			);
			buildRules = (
			);
			dependencies = (
				FD0223441B4CFC1200CAFB33 /* PBXTargetDependency */,
			);
			name = AutomayaTests;
			productName = AutomayaTests;
			productReference = FD0223421B4CFC1200CAFB33 /* AutomayaTests.xctest */;
			productType = "com.apple.product-type.bundle.unit-test";
		};
/* End PBXNativeTarget section */

/* Begin PBXProject section */
		FD0223221B4CFC1200CAFB33 /* Project object */ = {
			isa = PBXProject;
			attributes = {
				LastUpgradeCheck = 0640;
				ORGANIZATIONNAME = jmvarguez;
				TargetAttributes = {
					FD0223291B4CFC1200CAFB33 = {
						CreatedOnToolsVersion = 6.4;
					};
					FD0223411B4CFC1200CAFB33 = {
						CreatedOnToolsVersion = 6.4;
						TestTargetID = FD0223291B4CFC1200CAFB33;
					};
				};
			};
			buildConfigurationList = FD0223251B4CFC1200CAFB33 /* Build configuration list for PBXProject "Automaya" */;
			compatibilityVersion = "Xcode 3.2";
			developmentRegion = English;
			hasScannedForEncodings = 0;
			knownRegions = (
				en,
				Base,
			);
			mainGroup = FD0223211B4CFC1200CAFB33;
			productRefGroup = FD02232B1B4CFC1200CAFB33 /* Products */;
			projectDirPath = "";
			projectRoot = "";
			targets = (
				FD0223291B4CFC1200CAFB33 /* Automaya */,
				FD0223411B4CFC1200CAFB33 /* AutomayaTests */,
			);
		};
/* End PBXProject section */

/* Begin PBXResourcesBuildPhase section */
		FD0223281B4CFC1200CAFB33 /* Resources */ = {
			isa = PBXResourcesBuildPhase;
			buildActionMask = 2147483647;
			files = (
				FD0223381B4CFC1200CAFB33 /* Main.storyboard in Resources */,
				FD02233D1B4CFC1200CAFB33 /* LaunchScreen.xib in Resources */,
				FD02233A1B4CFC1200CAFB33 /* Images.xcassets in Resources */,
				FDF65E3D1B5614CF00303200 /* GoogleMaps.bundle in Resources */,
			);
			runOnlyForDeploymentPostprocessing = 0;
		};
		FD0223401B4CFC1200CAFB33 /* Resources */ = {
			isa = PBXResourcesBuildPhase;
			buildActionMask = 2147483647;
			files = (
			);
			runOnlyForDeploymentPostprocessing = 0;
		};
/* End PBXResourcesBuildPhase section */

/* Begin PBXSourcesBuildPhase section */
		FD0223261B4CFC1200CAFB33 /* Sources */ = {
			isa = PBXSourcesBuildPhase;
			buildActionMask = 2147483647;
			files = (
				FDF65E3A1B54B1A300303200 /* AgenciasViewController.swift in Sources */,
				FD02235A1B4D10F800CAFB33 /* MenuController.swift in Sources */,
				FD0223351B4CFC1200CAFB33 /* ViewController.swift in Sources */,
				FD58DBEC1B4F939D00709910 /* FeedWebPageViewController.swift in Sources */,
				FD0223331B4CFC1200CAFB33 /* Automaya.xcdatamodeld in Sources */,
				FD58DBEE1B50DD9E00709910 /* XmlParserManager.swift in Sources */,
				FD58DBE81B4F7CF800709910 /* FeedTableViewController.swift in Sources */,
				FD02235C1B4D124700CAFB33 /* ComentTableViewController.swift in Sources */,
				1AB208811B597D19007504F9 /* CotizaViewController.swift in Sources */,
				FD0223301B4CFC1200CAFB33 /* AppDelegate.swift in Sources */,
				FD0DD7A61B563ABA005F7B23 /* MapTasks.swift in Sources */,
				FD0223561B4CFC5E00CAFB33 /* SWRevealViewController.m in Sources */,
				FD58DBEA1B4F8D1300709910 /* FeedPageViewController.swift in Sources */,
			);
			runOnlyForDeploymentPostprocessing = 0;
		};
		FD02233E1B4CFC1200CAFB33 /* Sources */ = {
			isa = PBXSourcesBuildPhase;
			buildActionMask = 2147483647;
			files = (
				FD0223491B4CFC1200CAFB33 /* AutomayaTests.swift in Sources */,
			);
			runOnlyForDeploymentPostprocessing = 0;
		};
/* End PBXSourcesBuildPhase section */

/* Begin PBXTargetDependency section */
		FD0223441B4CFC1200CAFB33 /* PBXTargetDependency */ = {
			isa = PBXTargetDependency;
			target = FD0223291B4CFC1200CAFB33 /* Automaya */;
			targetProxy = FD0223431B4CFC1200CAFB33 /* PBXContainerItemProxy */;
		};
/* End PBXTargetDependency section */

/* Begin PBXVariantGroup section */
		FD0223361B4CFC1200CAFB33 /* Main.storyboard */ = {
			isa = PBXVariantGroup;
			children = (
				FD0223371B4CFC1200CAFB33 /* Base */,
			);
			name = Main.storyboard;
			sourceTree = "<group>";
		};
		FD02233B1B4CFC1200CAFB33 /* LaunchScreen.xib */ = {
			isa = PBXVariantGroup;
			children = (
				FD02233C1B4CFC1200CAFB33 /* Base */,
			);
			name = LaunchScreen.xib;
			sourceTree = "<group>";
		};
/* End PBXVariantGroup section */

/* Begin XCBuildConfiguration section */
		FD02234A1B4CFC1200CAFB33 /* Debug */ = {
			isa = XCBuildConfiguration;
			buildSettings = {
				ALWAYS_SEARCH_USER_PATHS = NO;
				CLANG_CXX_LANGUAGE_STANDARD = "gnu++0x";
				CLANG_CXX_LIBRARY = "libc++";
				CLANG_ENABLE_MODULES = YES;
				CLANG_ENABLE_OBJC_ARC = YES;
				CLANG_WARN_BOOL_CONVERSION = YES;
				CLANG_WARN_CONSTANT_CONVERSION = YES;
				CLANG_WARN_DIRECT_OBJC_ISA_USAGE = YES_ERROR;
				CLANG_WARN_EMPTY_BODY = YES;
				CLANG_WARN_ENUM_CONVERSION = YES;
				CLANG_WARN_INT_CONVERSION = YES;
				CLANG_WARN_OBJC_ROOT_CLASS = YES_ERROR;
				CLANG_WARN_UNREACHABLE_CODE = YES;
				CLANG_WARN__DUPLICATE_METHOD_MATCH = YES;
				"CODE_SIGN_IDENTITY[sdk=iphoneos*]" = "iPhone Developer";
				COPY_PHASE_STRIP = NO;
				DEBUG_INFORMATION_FORMAT = "dwarf-with-dsym";
				ENABLE_STRICT_OBJC_MSGSEND = YES;
				GCC_C_LANGUAGE_STANDARD = gnu99;
				GCC_DYNAMIC_NO_PIC = NO;
				GCC_NO_COMMON_BLOCKS = YES;
				GCC_OPTIMIZATION_LEVEL = 0;
				GCC_PREPROCESSOR_DEFINITIONS = (
					"DEBUG=1",
					"$(inherited)",
				);
				GCC_SYMBOLS_PRIVATE_EXTERN = NO;
				GCC_WARN_64_TO_32_BIT_CONVERSION = YES;
				GCC_WARN_ABOUT_RETURN_TYPE = YES_ERROR;
				GCC_WARN_UNDECLARED_SELECTOR = YES;
				GCC_WARN_UNINITIALIZED_AUTOS = YES_AGGRESSIVE;
				GCC_WARN_UNUSED_FUNCTION = YES;
				GCC_WARN_UNUSED_VARIABLE = YES;
				IPHONEOS_DEPLOYMENT_TARGET = 8.4;
				MTL_ENABLE_DEBUG_INFO = YES;
				ONLY_ACTIVE_ARCH = YES;
				SDKROOT = iphoneos;
				SWIFT_OPTIMIZATION_LEVEL = "-Onone";
			};
			name = Debug;
		};
		FD02234B1B4CFC1200CAFB33 /* Release */ = {
			isa = XCBuildConfiguration;
			buildSettings = {
				ALWAYS_SEARCH_USER_PATHS = NO;
				CLANG_CXX_LANGUAGE_STANDARD = "gnu++0x";
				CLANG_CXX_LIBRARY = "libc++";
				CLANG_ENABLE_MODULES = YES;
				CLANG_ENABLE_OBJC_ARC = YES;
				CLANG_WARN_BOOL_CONVERSION = YES;
				CLANG_WARN_CONSTANT_CONVERSION = YES;
				CLANG_WARN_DIRECT_OBJC_ISA_USAGE = YES_ERROR;
				CLANG_WARN_EMPTY_BODY = YES;
				CLANG_WARN_ENUM_CONVERSION = YES;
				CLANG_WARN_INT_CONVERSION = YES;
				CLANG_WARN_OBJC_ROOT_CLASS = YES_ERROR;
				CLANG_WARN_UNREACHABLE_CODE = YES;
				CLANG_WARN__DUPLICATE_METHOD_MATCH = YES;
				"CODE_SIGN_IDENTITY[sdk=iphoneos*]" = "iPhone Developer";
				COPY_PHASE_STRIP = NO;
				DEBUG_INFORMATION_FORMAT = "dwarf-with-dsym";
				ENABLE_NS_ASSERTIONS = NO;
				ENABLE_STRICT_OBJC_MSGSEND = YES;
				GCC_C_LANGUAGE_STANDARD = gnu99;
				GCC_NO_COMMON_BLOCKS = YES;
				GCC_WARN_64_TO_32_BIT_CONVERSION = YES;
				GCC_WARN_ABOUT_RETURN_TYPE = YES_ERROR;
				GCC_WARN_UNDECLARED_SELECTOR = YES;
				GCC_WARN_UNINITIALIZED_AUTOS = YES_AGGRESSIVE;
				GCC_WARN_UNUSED_FUNCTION = YES;
				GCC_WARN_UNUSED_VARIABLE = YES;
				IPHONEOS_DEPLOYMENT_TARGET = 8.4;
				MTL_ENABLE_DEBUG_INFO = NO;
				SDKROOT = iphoneos;
				VALIDATE_PRODUCT = YES;
			};
			name = Release;
		};
		FD02234D1B4CFC1200CAFB33 /* Debug */ = {
			isa = XCBuildConfiguration;
			buildSettings = {
				ASSETCATALOG_COMPILER_APPICON_NAME = AppIcon;
				CLANG_ENABLE_MODULES = YES;
				FRAMEWORK_SEARCH_PATHS = (
					"$(inherited)",
					"$(PROJECT_DIR)/Automaya",
				);
				INFOPLIST_FILE = Automaya/Info.plist;
				LD_RUNPATH_SEARCH_PATHS = "$(inherited) @executable_path/Frameworks";
				OTHER_LDFLAGS = " -ObjC";
				PRODUCT_NAME = "$(TARGET_NAME)";
				SWIFT_OBJC_BRIDGING_HEADER = "Automaya/Automaya-Bridging-Header.h";
				SWIFT_OPTIMIZATION_LEVEL = "-Onone";
			};
			name = Debug;
		};
		FD02234E1B4CFC1200CAFB33 /* Release */ = {
			isa = XCBuildConfiguration;
			buildSettings = {
				ASSETCATALOG_COMPILER_APPICON_NAME = AppIcon;
				CLANG_ENABLE_MODULES = YES;
				FRAMEWORK_SEARCH_PATHS = (
					"$(inherited)",
					"$(PROJECT_DIR)/Automaya",
				);
				INFOPLIST_FILE = Automaya/Info.plist;
				LD_RUNPATH_SEARCH_PATHS = "$(inherited) @executable_path/Frameworks";
				OTHER_LDFLAGS = " -ObjC";
				PRODUCT_NAME = "$(TARGET_NAME)";
				SWIFT_OBJC_BRIDGING_HEADER = "Automaya/Automaya-Bridging-Header.h";
			};
			name = Release;
		};
		FD0223501B4CFC1200CAFB33 /* Debug */ = {
			isa = XCBuildConfiguration;
			buildSettings = {
				BUNDLE_LOADER = "$(TEST_HOST)";
				FRAMEWORK_SEARCH_PATHS = (
					"$(SDKROOT)/Developer/Library/Frameworks",
					"$(inherited)",
				);
				GCC_PREPROCESSOR_DEFINITIONS = (
					"DEBUG=1",
					"$(inherited)",
				);
				INFOPLIST_FILE = AutomayaTests/Info.plist;
				LD_RUNPATH_SEARCH_PATHS = "$(inherited) @executable_path/Frameworks @loader_path/Frameworks";
				PRODUCT_NAME = "$(TARGET_NAME)";
				TEST_HOST = "$(BUILT_PRODUCTS_DIR)/Automaya.app/Automaya";
			};
			name = Debug;
		};
		FD0223511B4CFC1200CAFB33 /* Release */ = {
			isa = XCBuildConfiguration;
			buildSettings = {
				BUNDLE_LOADER = "$(TEST_HOST)";
				FRAMEWORK_SEARCH_PATHS = (
					"$(SDKROOT)/Developer/Library/Frameworks",
					"$(inherited)",
				);
				INFOPLIST_FILE = AutomayaTests/Info.plist;
				LD_RUNPATH_SEARCH_PATHS = "$(inherited) @executable_path/Frameworks @loader_path/Frameworks";
				PRODUCT_NAME = "$(TARGET_NAME)";
				TEST_HOST = "$(BUILT_PRODUCTS_DIR)/Automaya.app/Automaya";
			};
			name = Release;
		};
/* End XCBuildConfiguration section */

/* Begin XCConfigurationList section */
		FD0223251B4CFC1200CAFB33 /* Build configuration list for PBXProject "Automaya" */ = {
			isa = XCConfigurationList;
			buildConfigurations = (
				FD02234A1B4CFC1200CAFB33 /* Debug */,
				FD02234B1B4CFC1200CAFB33 /* Release */,
			);
			defaultConfigurationIsVisible = 0;
			defaultConfigurationName = Release;
		};
		FD02234C1B4CFC1200CAFB33 /* Build configuration list for PBXNativeTarget "Automaya" */ = {
			isa = XCConfigurationList;
			buildConfigurations = (
				FD02234D1B4CFC1200CAFB33 /* Debug */,
				FD02234E1B4CFC1200CAFB33 /* Release */,
			);
			defaultConfigurationIsVisible = 0;
			defaultConfigurationName = Release;
		};
		FD02234F1B4CFC1200CAFB33 /* Build configuration list for PBXNativeTarget "AutomayaTests" */ = {
			isa = XCConfigurationList;
			buildConfigurations = (
				FD0223501B4CFC1200CAFB33 /* Debug */,
				FD0223511B4CFC1200CAFB33 /* Release */,
			);
			defaultConfigurationIsVisible = 0;
			defaultConfigurationName = Release;
		};
/* End XCConfigurationList section */

/* Begin XCVersionGroup section */
		FD0223311B4CFC1200CAFB33 /* Automaya.xcdatamodeld */ = {
			isa = XCVersionGroup;
			children = (
				FD0223321B4CFC1200CAFB33 /* Automaya.xcdatamodel */,
			);
			currentVersion = FD0223321B4CFC1200CAFB33 /* Automaya.xcdatamodel */;
			path = Automaya.xcdatamodeld;
			sourceTree = "<group>";
			versionGroupType = wrapper.xcdatamodel;
		};
/* End XCVersionGroup section */
	};
	rootObject = FD0223221B4CFC1200CAFB33 /* Project object */;
}
